// !$*UTF8*$!
{
	archiveVersion = 1;
	classes = {
	};
	objectVersion = 56;
	objects = {

/* Begin PBXBuildFile section */
		831AC52A2C0D55B80053A434 /* TestData.swift in Sources */ = {isa = PBXBuildFile; fileRef = 831AC5292C0D55B80053A434 /* TestData.swift */; };
		83D1B9882C08F60B00E8BFED /* StepByProjectApp.swift in Sources */ = {isa = PBXBuildFile; fileRef = 83D1B9872C08F60B00E8BFED /* StepByProjectApp.swift */; };
		83D1B98A2C08F60B00E8BFED /* SplashScreen.swift in Sources */ = {isa = PBXBuildFile; fileRef = 83D1B9892C08F60B00E8BFED /* SplashScreen.swift */; };
		83D1B98C2C08F60E00E8BFED /* Assets.xcassets in Resources */ = {isa = PBXBuildFile; fileRef = 83D1B98B2C08F60E00E8BFED /* Assets.xcassets */; };
		83D1B98F2C08F60E00E8BFED /* Preview Assets.xcassets in Resources */ = {isa = PBXBuildFile; fileRef = 83D1B98E2C08F60E00E8BFED /* Preview Assets.xcassets */; };
		83D1B9982C08F68500E8BFED /* LoginAndSingInView.swift in Sources */ = {isa = PBXBuildFile; fileRef = 83D1B9972C08F68500E8BFED /* LoginAndSingInView.swift */; };
		83DC27D42C0A8DBB00443AFE /* Proyectos.swift in Sources */ = {isa = PBXBuildFile; fileRef = 83DC27D32C0A8DBB00443AFE /* Proyectos.swift */; };
		83DC27D62C0A902300443AFE /* AddProjects.swift in Sources */ = {isa = PBXBuildFile; fileRef = 83DC27D52C0A902300443AFE /* AddProjects.swift */; };
		83DC27D92C0AD8D900443AFE /* ViewModelProjects.swift in Sources */ = {isa = PBXBuildFile; fileRef = 83DC27D82C0AD8D900443AFE /* ViewModelProjects.swift */; };
		83DC27DD2C0AEC9A00443AFE /* ProyectModel.swift in Sources */ = {isa = PBXBuildFile; fileRef = 83DC27DC2C0AEC9A00443AFE /* ProyectModel.swift */; };
/* End PBXBuildFile section */

/* Begin PBXFileReference section */
		831AC5292C0D55B80053A434 /* TestData.swift */ = {isa = PBXFileReference; lastKnownFileType = sourcecode.swift; path = TestData.swift; sourceTree = "<group>"; };
		83D1B9842C08F60B00E8BFED /* StepByProject.app */ = {isa = PBXFileReference; explicitFileType = wrapper.application; includeInIndex = 0; path = StepByProject.app; sourceTree = BUILT_PRODUCTS_DIR; };
		83D1B9872C08F60B00E8BFED /* StepByProjectApp.swift */ = {isa = PBXFileReference; lastKnownFileType = sourcecode.swift; path = StepByProjectApp.swift; sourceTree = "<group>"; };
		83D1B9892C08F60B00E8BFED /* SplashScreen.swift */ = {isa = PBXFileReference; lastKnownFileType = sourcecode.swift; path = SplashScreen.swift; sourceTree = "<group>"; };
		83D1B98B2C08F60E00E8BFED /* Assets.xcassets */ = {isa = PBXFileReference; lastKnownFileType = folder.assetcatalog; path = Assets.xcassets; sourceTree = "<group>"; };
		83D1B98E2C08F60E00E8BFED /* Preview Assets.xcassets */ = {isa = PBXFileReference; lastKnownFileType = folder.assetcatalog; path = "Preview Assets.xcassets"; sourceTree = "<group>"; };
		83D1B9972C08F68500E8BFED /* LoginAndSingInView.swift */ = {isa = PBXFileReference; lastKnownFileType = sourcecode.swift; path = LoginAndSingInView.swift; sourceTree = "<group>"; };
		83DC27D32C0A8DBB00443AFE /* Proyectos.swift */ = {isa = PBXFileReference; lastKnownFileType = sourcecode.swift; path = Proyectos.swift; sourceTree = "<group>"; };
		83DC27D52C0A902300443AFE /* AddProjects.swift */ = {isa = PBXFileReference; lastKnownFileType = sourcecode.swift; path = AddProjects.swift; sourceTree = "<group>"; };
		83DC27D82C0AD8D900443AFE /* ViewModelProjects.swift */ = {isa = PBXFileReference; lastKnownFileType = sourcecode.swift; path = ViewModelProjects.swift; sourceTree = "<group>"; };
		83DC27DC2C0AEC9A00443AFE /* ProyectModel.swift */ = {isa = PBXFileReference; lastKnownFileType = sourcecode.swift; path = ProyectModel.swift; sourceTree = "<group>"; };
/* End PBXFileReference section */

/* Begin PBXFrameworksBuildPhase section */
		83D1B9812C08F60B00E8BFED /* Frameworks */ = {
			isa = PBXFrameworksBuildPhase;
			buildActionMask = 2147483647;
			files = (
			);
			runOnlyForDeploymentPostprocessing = 0;
		};
/* End PBXFrameworksBuildPhase section */

/* Begin PBXGroup section */
		831AC5282C0D55720053A434 /* Test */ = {
			isa = PBXGroup;
			children = (
				831AC5292C0D55B80053A434 /* TestData.swift */,
			);
			path = Test;
			sourceTree = "<group>";
		};
		83D1B97B2C08F60B00E8BFED = {
			isa = PBXGroup;
			children = (
				83D1B9862C08F60B00E8BFED /* StepByProject */,
				83D1B9852C08F60B00E8BFED /* Products */,
			);
			sourceTree = "<group>";
		};
		83D1B9852C08F60B00E8BFED /* Products */ = {
			isa = PBXGroup;
			children = (
				83D1B9842C08F60B00E8BFED /* StepByProject.app */,
			);
			name = Products;
			sourceTree = "<group>";
		};
		83D1B9862C08F60B00E8BFED /* StepByProject */ = {
			isa = PBXGroup;
			children = (
				83D1B98D2C08F60E00E8BFED /* Preview Content */,
				83DC27DA2C0AEB3E00443AFE /* Model */,
				83D1B9962C08F61B00E8BFED /* Views */,
				83D1B9872C08F60B00E8BFED /* StepByProjectApp.swift */,
				83D1B98B2C08F60E00E8BFED /* Assets.xcassets */,
				831AC5282C0D55720053A434 /* Test */,
			);
			path = StepByProject;
			sourceTree = "<group>";
		};
		83D1B98D2C08F60E00E8BFED /* Preview Content */ = {
			isa = PBXGroup;
			children = (
				83D1B98E2C08F60E00E8BFED /* Preview Assets.xcassets */,
			);
			path = "Preview Content";
			sourceTree = "<group>";
		};
		83D1B9962C08F61B00E8BFED /* Views */ = {
			isa = PBXGroup;
			children = (
				83DC27D72C0AD8A500443AFE /* Projects */,
				83D1B9892C08F60B00E8BFED /* SplashScreen.swift */,
				83D1B9972C08F68500E8BFED /* LoginAndSingInView.swift */,
			);
			path = Views;
			sourceTree = "<group>";
		};
		83DC27D72C0AD8A500443AFE /* Projects */ = {
			isa = PBXGroup;
			children = (
				83DC27D32C0A8DBB00443AFE /* Proyectos.swift */,
				83DC27D52C0A902300443AFE /* AddProjects.swift */,
				83DC27D82C0AD8D900443AFE /* ViewModelProjects.swift */,
			);
			path = Projects;
			sourceTree = "<group>";
		};
		83DC27DA2C0AEB3E00443AFE /* Model */ = {
			isa = PBXGroup;
			children = (
				83DC27DC2C0AEC9A00443AFE /* ProyectModel.swift */,
			);
			path = Model;
			sourceTree = "<group>";
		};
/* End PBXGroup section */

/* Begin PBXNativeTarget section */
		83D1B9832C08F60B00E8BFED /* StepByProject */ = {
			isa = PBXNativeTarget;
			buildConfigurationList = 83D1B9922C08F60E00E8BFED /* Build configuration list for PBXNativeTarget "StepByProject" */;
			buildPhases = (
				83D1B9802C08F60B00E8BFED /* Sources */,
				83D1B9812C08F60B00E8BFED /* Frameworks */,
				83D1B9822C08F60B00E8BFED /* Resources */,
			);
			buildRules = (
			);
			dependencies = (
			);
			name = StepByProject;
			productName = StepByProject;
			productReference = 83D1B9842C08F60B00E8BFED /* StepByProject.app */;
			productType = "com.apple.product-type.application";
		};
/* End PBXNativeTarget section */

/* Begin PBXProject section */
		83D1B97C2C08F60B00E8BFED /* Project object */ = {
			isa = PBXProject;
			attributes = {
				BuildIndependentTargetsInParallel = 1;
				LastSwiftUpdateCheck = 1540;
				LastUpgradeCheck = 1540;
				TargetAttributes = {
					83D1B9832C08F60B00E8BFED = {
						CreatedOnToolsVersion = 15.4;
					};
				};
			};
			buildConfigurationList = 83D1B97F2C08F60B00E8BFED /* Build configuration list for PBXProject "StepByProject" */;
			compatibilityVersion = "Xcode 14.0";
			developmentRegion = en;
			hasScannedForEncodings = 0;
			knownRegions = (
				en,
				Base,
			);
			mainGroup = 83D1B97B2C08F60B00E8BFED;
			productRefGroup = 83D1B9852C08F60B00E8BFED /* Products */;
			projectDirPath = "";
			projectRoot = "";
			targets = (
				83D1B9832C08F60B00E8BFED /* StepByProject */,
			);
		};
/* End PBXProject section */

/* Begin PBXResourcesBuildPhase section */
		83D1B9822C08F60B00E8BFED /* Resources */ = {
			isa = PBXResourcesBuildPhase;
			buildActionMask = 2147483647;
			files = (
				83D1B98F2C08F60E00E8BFED /* Preview Assets.xcassets in Resources */,
				83D1B98C2C08F60E00E8BFED /* Assets.xcassets in Resources */,
			);
			runOnlyForDeploymentPostprocessing = 0;
		};
/* End PBXResourcesBuildPhase section */

/* Begin PBXSourcesBuildPhase section */
		83D1B9802C08F60B00E8BFED /* Sources */ = {
			isa = PBXSourcesBuildPhase;
			buildActionMask = 2147483647;
			files = (
				83D1B98A2C08F60B00E8BFED /* SplashScreen.swift in Sources */,
				83DC27D62C0A902300443AFE /* AddProjects.swift in Sources */,
				83DC27DD2C0AEC9A00443AFE /* ProyectModel.swift in Sources */,
				831AC52A2C0D55B80053A434 /* TestData.swift in Sources */,
				83D1B9982C08F68500E8BFED /* LoginAndSingInView.swift in Sources */,
				83DC27D42C0A8DBB00443AFE /* Proyectos.swift in Sources */,
				83DC27D92C0AD8D900443AFE /* ViewModelProjects.swift in Sources */,
				83D1B9882C08F60B00E8BFED /* StepByProjectApp.swift in Sources */,
			);
			runOnlyForDeploymentPostprocessing = 0;
		};
/* End PBXSourcesBuildPhase section */

/* Begin XCBuildConfiguration section */
		83D1B9902C08F60E00E8BFED /* Debug */ = {
			isa = XCBuildConfiguration;
			buildSettings = {
				ALWAYS_SEARCH_USER_PATHS = NO;
				ASSETCATALOG_COMPILER_GENERATE_SWIFT_ASSET_SYMBOL_EXTENSIONS = YES;
				CLANG_ANALYZER_NONNULL = YES;
				CLANG_ANALYZER_NUMBER_OBJECT_CONVERSION = YES_AGGRESSIVE;
				CLANG_CXX_LANGUAGE_STANDARD = "gnu++20";
				CLANG_ENABLE_MODULES = YES;
				CLANG_ENABLE_OBJC_ARC = YES;
				CLANG_ENABLE_OBJC_WEAK = YES;
				CLANG_WARN_BLOCK_CAPTURE_AUTORELEASING = YES;
				CLANG_WARN_BOOL_CONVERSION = YES;
				CLANG_WARN_COMMA = YES;
				CLANG_WARN_CONSTANT_CONVERSION = YES;
				CLANG_WARN_DEPRECATED_OBJC_IMPLEMENTATIONS = YES;
				CLANG_WARN_DIRECT_OBJC_ISA_USAGE = YES_ERROR;
				CLANG_WARN_DOCUMENTATION_COMMENTS = YES;
				CLANG_WARN_EMPTY_BODY = YES;
				CLANG_WARN_ENUM_CONVERSION = YES;
				CLANG_WARN_INFINITE_RECURSION = YES;
				CLANG_WARN_INT_CONVERSION = YES;
				CLANG_WARN_NON_LITERAL_NULL_CONVERSION = YES;
				CLANG_WARN_OBJC_IMPLICIT_RETAIN_SELF = YES;
				CLANG_WARN_OBJC_LITERAL_CONVERSION = YES;
				CLANG_WARN_OBJC_ROOT_CLASS = YES_ERROR;
				CLANG_WARN_QUOTED_INCLUDE_IN_FRAMEWORK_HEADER = YES;
				CLANG_WARN_RANGE_LOOP_ANALYSIS = YES;
				CLANG_WARN_STRICT_PROTOTYPES = YES;
				CLANG_WARN_SUSPICIOUS_MOVE = YES;
				CLANG_WARN_UNGUARDED_AVAILABILITY = YES_AGGRESSIVE;
				CLANG_WARN_UNREACHABLE_CODE = YES;
				CLANG_WARN__DUPLICATE_METHOD_MATCH = YES;
				COPY_PHASE_STRIP = NO;
				DEBUG_INFORMATION_FORMAT = dwarf;
				ENABLE_STRICT_OBJC_MSGSEND = YES;
				ENABLE_TESTABILITY = YES;
				ENABLE_USER_SCRIPT_SANDBOXING = YES;
				GCC_C_LANGUAGE_STANDARD = gnu17;
				GCC_DYNAMIC_NO_PIC = NO;
				GCC_NO_COMMON_BLOCKS = YES;
				GCC_OPTIMIZATION_LEVEL = 0;
				GCC_PREPROCESSOR_DEFINITIONS = (
					"DEBUG=1",
					"$(inherited)",
				);
				GCC_WARN_64_TO_32_BIT_CONVERSION = YES;
				GCC_WARN_ABOUT_RETURN_TYPE = YES_ERROR;
				GCC_WARN_UNDECLARED_SELECTOR = YES;
				GCC_WARN_UNINITIALIZED_AUTOS = YES_AGGRESSIVE;
				GCC_WARN_UNUSED_FUNCTION = YES;
				GCC_WARN_UNUSED_VARIABLE = YES;
				IPHONEOS_DEPLOYMENT_TARGET = 17.5;
				LOCALIZATION_PREFERS_STRING_CATALOGS = YES;
				MTL_ENABLE_DEBUG_INFO = INCLUDE_SOURCE;
				MTL_FAST_MATH = YES;
				ONLY_ACTIVE_ARCH = YES;
				SDKROOT = iphoneos;
				SWIFT_ACTIVE_COMPILATION_CONDITIONS = "DEBUG $(inherited)";
				SWIFT_OPTIMIZATION_LEVEL = "-Onone";
			};
			name = Debug;
		};
		83D1B9912C08F60E00E8BFED /* Release */ = {
			isa = XCBuildConfiguration;
			buildSettings = {
				ALWAYS_SEARCH_USER_PATHS = NO;
				ASSETCATALOG_COMPILER_GENERATE_SWIFT_ASSET_SYMBOL_EXTENSIONS = YES;
				CLANG_ANALYZER_NONNULL = YES;
				CLANG_ANALYZER_NUMBER_OBJECT_CONVERSION = YES_AGGRESSIVE;
				CLANG_CXX_LANGUAGE_STANDARD = "gnu++20";
				CLANG_ENABLE_MODULES = YES;
				CLANG_ENABLE_OBJC_ARC = YES;
				CLANG_ENABLE_OBJC_WEAK = YES;
				CLANG_WARN_BLOCK_CAPTURE_AUTORELEASING = YES;
				CLANG_WARN_BOOL_CONVERSION = YES;
				CLANG_WARN_COMMA = YES;
				CLANG_WARN_CONSTANT_CONVERSION = YES;
				CLANG_WARN_DEPRECATED_OBJC_IMPLEMENTATIONS = YES;
				CLANG_WARN_DIRECT_OBJC_ISA_USAGE = YES_ERROR;
				CLANG_WARN_DOCUMENTATION_COMMENTS = YES;
				CLANG_WARN_EMPTY_BODY = YES;
				CLANG_WARN_ENUM_CONVERSION = YES;
				CLANG_WARN_INFINITE_RECURSION = YES;
				CLANG_WARN_INT_CONVERSION = YES;
				CLANG_WARN_NON_LITERAL_NULL_CONVERSION = YES;
				CLANG_WARN_OBJC_IMPLICIT_RETAIN_SELF = YES;
				CLANG_WARN_OBJC_LITERAL_CONVERSION = YES;
				CLANG_WARN_OBJC_ROOT_CLASS = YES_ERROR;
				CLANG_WARN_QUOTED_INCLUDE_IN_FRAMEWORK_HEADER = YES;
				CLANG_WARN_RANGE_LOOP_ANALYSIS = YES;
				CLANG_WARN_STRICT_PROTOTYPES = YES;
				CLANG_WARN_SUSPICIOUS_MOVE = YES;
				CLANG_WARN_UNGUARDED_AVAILABILITY = YES_AGGRESSIVE;
				CLANG_WARN_UNREACHABLE_CODE = YES;
				CLANG_WARN__DUPLICATE_METHOD_MATCH = YES;
				COPY_PHASE_STRIP = NO;
				DEBUG_INFORMATION_FORMAT = "dwarf-with-dsym";
				ENABLE_NS_ASSERTIONS = NO;
				ENABLE_STRICT_OBJC_MSGSEND = YES;
				ENABLE_USER_SCRIPT_SANDBOXING = YES;
				GCC_C_LANGUAGE_STANDARD = gnu17;
				GCC_NO_COMMON_BLOCKS = YES;
				GCC_WARN_64_TO_32_BIT_CONVERSION = YES;
				GCC_WARN_ABOUT_RETURN_TYPE = YES_ERROR;
				GCC_WARN_UNDECLARED_SELECTOR = YES;
				GCC_WARN_UNINITIALIZED_AUTOS = YES_AGGRESSIVE;
				GCC_WARN_UNUSED_FUNCTION = YES;
				GCC_WARN_UNUSED_VARIABLE = YES;
				IPHONEOS_DEPLOYMENT_TARGET = 17.5;
				LOCALIZATION_PREFERS_STRING_CATALOGS = YES;
				MTL_ENABLE_DEBUG_INFO = NO;
				MTL_FAST_MATH = YES;
				SDKROOT = iphoneos;
				SWIFT_COMPILATION_MODE = wholemodule;
				VALIDATE_PRODUCT = YES;
			};
			name = Release;
		};
		83D1B9932C08F60E00E8BFED /* Debug */ = {
			isa = XCBuildConfiguration;
			buildSettings = {
				ASSETCATALOG_COMPILER_APPICON_NAME = AppIcon;
				ASSETCATALOG_COMPILER_GLOBAL_ACCENT_COLOR_NAME = AccentColor;
				CODE_SIGN_STYLE = Automatic;
				CURRENT_PROJECT_VERSION = 1;
				DEVELOPMENT_ASSET_PATHS = "\"StepByProject/Preview Content\"";
				DEVELOPMENT_TEAM = 7ZT49UKYZM;
				ENABLE_PREVIEWS = YES;
				GENERATE_INFOPLIST_FILE = YES;
				INFOPLIST_KEY_UIApplicationSceneManifest_Generation = YES;
				INFOPLIST_KEY_UIApplicationSupportsIndirectInputEvents = YES;
				INFOPLIST_KEY_UILaunchScreen_Generation = YES;
				INFOPLIST_KEY_UISupportedInterfaceOrientations_iPad = "UIInterfaceOrientationPortrait UIInterfaceOrientationPortraitUpsideDown UIInterfaceOrientationLandscapeLeft UIInterfaceOrientationLandscapeRight";
				INFOPLIST_KEY_UISupportedInterfaceOrientations_iPhone = "UIInterfaceOrientationPortrait UIInterfaceOrientationLandscapeLeft UIInterfaceOrientationLandscapeRight";
				LD_RUNPATH_SEARCH_PATHS = (
					"$(inherited)",
					"@executable_path/Frameworks",
				);
				MARKETING_VERSION = 1.0;
				PRODUCT_BUNDLE_IDENTIFIER = PruebaUIKit.StepByProject;
				PRODUCT_NAME = "$(TARGET_NAME)";
				SWIFT_EMIT_LOC_STRINGS = YES;
				SWIFT_VERSION = 5.0;
				TARGETED_DEVICE_FAMILY = "1,2";
			};
			name = Debug;
		};
		83D1B9942C08F60E00E8BFED /* Release */ = {
			isa = XCBuildConfiguration;
			buildSettings = {
				ASSETCATALOG_COMPILER_APPICON_NAME = AppIcon;
				ASSETCATALOG_COMPILER_GLOBAL_ACCENT_COLOR_NAME = AccentColor;
				CODE_SIGN_STYLE = Automatic;
				CURRENT_PROJECT_VERSION = 1;
				DEVELOPMENT_ASSET_PATHS = "\"StepByProject/Preview Content\"";
				DEVELOPMENT_TEAM = 7ZT49UKYZM;
				ENABLE_PREVIEWS = YES;
				GENERATE_INFOPLIST_FILE = YES;
				INFOPLIST_KEY_UIApplicationSceneManifest_Generation = YES;
				INFOPLIST_KEY_UIApplicationSupportsIndirectInputEvents = YES;
				INFOPLIST_KEY_UILaunchScreen_Generation = YES;
				INFOPLIST_KEY_UISupportedInterfaceOrientations_iPad = "UIInterfaceOrientationPortrait UIInterfaceOrientationPortraitUpsideDown UIInterfaceOrientationLandscapeLeft UIInterfaceOrientationLandscapeRight";
				INFOPLIST_KEY_UISupportedInterfaceOrientations_iPhone = "UIInterfaceOrientationPortrait UIInterfaceOrientationLandscapeLeft UIInterfaceOrientationLandscapeRight";
				LD_RUNPATH_SEARCH_PATHS = (
					"$(inherited)",
					"@executable_path/Frameworks",
				);
				MARKETING_VERSION = 1.0;
				PRODUCT_BUNDLE_IDENTIFIER = PruebaUIKit.StepByProject;
				PRODUCT_NAME = "$(TARGET_NAME)";
				SWIFT_EMIT_LOC_STRINGS = YES;
				SWIFT_VERSION = 5.0;
				TARGETED_DEVICE_FAMILY = "1,2";
			};
			name = Release;
		};
/* End XCBuildConfiguration section */

/* Begin XCConfigurationList section */
		83D1B97F2C08F60B00E8BFED /* Build configuration list for PBXProject "StepByProject" */ = {
			isa = XCConfigurationList;
			buildConfigurations = (
				83D1B9902C08F60E00E8BFED /* Debug */,
				83D1B9912C08F60E00E8BFED /* Release */,
			);
			defaultConfigurationIsVisible = 0;
			defaultConfigurationName = Release;
		};
		83D1B9922C08F60E00E8BFED /* Build configuration list for PBXNativeTarget "StepByProject" */ = {
			isa = XCConfigurationList;
			buildConfigurations = (
				83D1B9932C08F60E00E8BFED /* Debug */,
				83D1B9942C08F60E00E8BFED /* Release */,
			);
			defaultConfigurationIsVisible = 0;
			defaultConfigurationName = Release;
		};
/* End XCConfigurationList section */
	};
	rootObject = 83D1B97C2C08F60B00E8BFED /* Project object */;
}
